<Solution>
  <Project Path="Martaarcadu.API/Martaarcadu.API.csproj" />
  <Project Path="Martaarcadu.Application/Martaarcadu.Application.csproj" />
  <Project Path="Martaarcadu.Domain/Martaarcadu.Domain.csproj" />
  <Project Path="Martaarcadu.Infrastructure/Martaarcadu.Infrastructure.csproj" />
</Solution>
